
Microsoft Visual Studio Solution File, Format Version 12.00
# Visual Studio Version 17
VisualStudioVersion = 17.5.33530.505
MinimumVisualStudioVersion = 10.0.40219.1
Project("{FAE04EC0-301F-11D3-BF4B-00C04F79EFBC}") = "WpfAppPR2", "WpfAppPR2.csproj", "{A9BC1D0E-9761-4175-84A0-95EAFCB93812}"
EndProject
Global
	GlobalSection(SolutionConfigurationPlatforms) = preSolution
		Debug|Any CPU = Debug|Any CPU
		Release|Any CPU = Release|Any CPU
	EndGlobalSection
	GlobalSection(ProjectConfigurationPlatforms) = postSolution
		{A9BC1D0E-9761-4175-84A0-95EAFCB93812}.Debug|Any CPU.ActiveCfg = Debug|Any CPU
		{A9BC1D0E-9761-4175-84A0-95EAFCB93812}.Debug|Any CPU.Build.0 = Debug|Any CPU
		{A9BC1D0E-9761-4175-84A0-95EAFCB93812}.Release|Any CPU.ActiveCfg = Release|Any CPU
		{A9BC1D0E-9761-4175-84A0-95EAFCB93812}.Release|Any CPU.Build.0 = Release|Any CPU
	EndGlobalSection
	GlobalSection(SolutionProperties) = preSolution
		HideSolutionNode = FALSE
	EndGlobalSection
	GlobalSection(ExtensibilityGlobals) = postSolution
		SolutionGuid = {7F305B1F-1477-4037-BBA7-BF9D2B2A4EBF}
	EndGlobalSection
EndGlobal
